Microsoft Visual Studio Solution File, Format Version 12.00
# Visual Studio Version 17
VisualStudioVersion = 17.6.33829.357
MinimumVisualStudioVersion = 10.0.40219.1
Project("{9A19103F-16F7-4668-BE54-9A1E7A4F7556}") = "kaitai_struct_runtime_csharp", "..\..\..\runtime\csharp\kaitai_struct_runtime_csharp.csproj", "{8339A750-C407-4CE8-8E31-51CB2EFD3A4B}"
EndProject
Project("{9A19103F-16F7-4668-BE54-9A1E7A4F7556}") = "kaitai_struct_csharp_tests_netstd", "kaitai_struct_csharp_tests_netstd\kaitai_struct_csharp_tests_netstd.csproj", "{848D018A-25B9-4BFB-A085-7503179AD156}"
EndProject
Project("{FAE04EC0-301F-11D3-BF4B-00C04F79EFBC}") = "kaitai_struct_csharp_tests_netframework", "kaitai_struct_csharp_tests_netframework\kaitai_struct_csharp_tests_netframework.csproj", "{6EAD43BD-81C8-44BF-BF8D-A8E90B8A9809}"
EndProject
Global
	GlobalSection(SolutionConfigurationPlatforms) = preSolution
		Debug|Any CPU = Debug|Any CPU
		Release|Any CPU = Release|Any CPU
	EndGlobalSection
	GlobalSection(ProjectConfigurationPlatforms) = postSolution
		{8339A750-C407-4CE8-8E31-51CB2EFD3A4B}.Debug|Any CPU.ActiveCfg = Debug|Any CPU
		{8339A750-C407-4CE8-8E31-51CB2EFD3A4B}.Debug|Any CPU.Build.0 = Debug|Any CPU
		{8339A750-C407-4CE8-8E31-51CB2EFD3A4B}.Release|Any CPU.ActiveCfg = Release|Any CPU
		{8339A750-C407-4CE8-8E31-51CB2EFD3A4B}.Release|Any CPU.Build.0 = Release|Any CPU
		{848D018A-25B9-4BFB-A085-7503179AD156}.Debug|Any CPU.ActiveCfg = Debug|Any CPU
		{848D018A-25B9-4BFB-A085-7503179AD156}.Debug|Any CPU.Build.0 = Debug|Any CPU
		{848D018A-25B9-4BFB-A085-7503179AD156}.Release|Any CPU.ActiveCfg = Release|Any CPU
		{848D018A-25B9-4BFB-A085-7503179AD156}.Release|Any CPU.Build.0 = Release|Any CPU
		{6EAD43BD-81C8-44BF-BF8D-A8E90B8A9809}.Debug|Any CPU.ActiveCfg = Debug|Any CPU
		{6EAD43BD-81C8-44BF-BF8D-A8E90B8A9809}.Debug|Any CPU.Build.0 = Debug|Any CPU
		{6EAD43BD-81C8-44BF-BF8D-A8E90B8A9809}.Release|Any CPU.ActiveCfg = Release|Any CPU
		{6EAD43BD-81C8-44BF-BF8D-A8E90B8A9809}.Release|Any CPU.Build.0 = Release|Any CPU
	EndGlobalSection
	GlobalSection(SolutionProperties) = preSolution
		HideSolutionNode = FALSE
	EndGlobalSection
	GlobalSection(ExtensibilityGlobals) = postSolution
		SolutionGuid = {F013A9E2-0D3E-414E-9B29-337DF7E0EBE9}
	EndGlobalSection
	GlobalSection(MonoDevelopProperties) = preSolution
		Policies = $0
		$0.TextStylePolicy = $3
		$1.inheritsSet = VisualStudio
		$1.inheritsScope = text/plain
		$1.scope = text/x-csharp
		$0.CSharpFormattingPolicy = $2
		$2.IndentSwitchBody = True
		$2.IndentBlocksInsideExpressions = True
		$2.AnonymousMethodBraceStyle = NextLine
		$2.PropertyBraceStyle = NextLine
		$2.PropertyGetBraceStyle = NextLine
		$2.PropertySetBraceStyle = NextLine
		$2.EventBraceStyle = NextLine
		$2.EventAddBraceStyle = NextLine
		$2.EventRemoveBraceStyle = NextLine
		$2.StatementBraceStyle = NextLine
		$2.ElseNewLinePlacement = NewLine
		$2.CatchNewLinePlacement = NewLine
		$2.FinallyNewLinePlacement = NewLine
		$2.WhileNewLinePlacement = DoNotCare
		$2.ArrayInitializerWrapping = DoNotChange
		$2.ArrayInitializerBraceStyle = NextLine
		$2.BeforeMethodDeclarationParentheses = False
		$2.BeforeMethodCallParentheses = False
		$2.BeforeConstructorDeclarationParentheses = False
		$2.NewLineBeforeConstructorInitializerColon = NewLine
		$2.NewLineAfterConstructorInitializerColon = SameLine
		$2.BeforeDelegateDeclarationParentheses = False
		$2.NewParentheses = False
		$2.SpacesBeforeBrackets = False
		$2.inheritsSet = Mono
		$2.inheritsScope = text/x-csharp
		$2.scope = text/x-csharp
		$3.FileWidth = 120
		$3.TabsToSpaces = False
		$3.inheritsSet = VisualStudio
		$3.inheritsScope = text/plain
		$3.scope = text/plain
	EndGlobalSection
EndGlobal
